// !$*UTF8*$!
{
	archiveVersion = 1;
	classes = {
	};
	objectVersion = 50;
	objects = {

/* Begin PBXBuildFile section */
		3E33C28121B8C0E0001F9D45 /* AppDelegate.swift in Sources */ = {isa = PBXBuildFile; fileRef = 3E33C28021B8C0E0001F9D45 /* AppDelegate.swift */; };
		3E33C28621B8C0E0001F9D45 /* Main.storyboard in Resources */ = {isa = PBXBuildFile; fileRef = 3E33C28421B8C0E0001F9D45 /* Main.storyboard */; };
		3E33C28821B8C0E1001F9D45 /* Assets.xcassets in Resources */ = {isa = PBXBuildFile; fileRef = 3E33C28721B8C0E1001F9D45 /* Assets.xcassets */; };
		3E33C28B21B8C0E1001F9D45 /* LaunchScreen.storyboard in Resources */ = {isa = PBXBuildFile; fileRef = 3E33C28921B8C0E1001F9D45 /* LaunchScreen.storyboard */; };
		3E33C29321B8C68B001F9D45 /* ClassExample.swift in Sources */ = {isa = PBXBuildFile; fileRef = 3E33C29221B8C68B001F9D45 /* ClassExample.swift */; };
		3E33C29521B8C694001F9D45 /* StructExample.swift in Sources */ = {isa = PBXBuildFile; fileRef = 3E33C29421B8C694001F9D45 /* StructExample.swift */; };
		3E33C29721B8C77F001F9D45 /* Main.swift in Sources */ = {isa = PBXBuildFile; fileRef = 3E33C29621B8C77F001F9D45 /* Main.swift */; };
/* End PBXBuildFile section */

/* Begin PBXFileReference section */
		3E33C27D21B8C0E0001F9D45 /* StructsVSClasses.app */ = {isa = PBXFileReference; explicitFileType = wrapper.application; includeInIndex = 0; path = StructsVSClasses.app; sourceTree = BUILT_PRODUCTS_DIR; };
		3E33C28021B8C0E0001F9D45 /* AppDelegate.swift */ = {isa = PBXFileReference; lastKnownFileType = sourcecode.swift; path = AppDelegate.swift; sourceTree = "<group>"; };
		3E33C28521B8C0E0001F9D45 /* Base */ = {isa = PBXFileReference; lastKnownFileType = file.storyboard; name = Base; path = Base.lproj/Main.storyboard; sourceTree = "<group>"; };
		3E33C28721B8C0E1001F9D45 /* Assets.xcassets */ = {isa = PBXFileReference; lastKnownFileType = folder.assetcatalog; path = Assets.xcassets; sourceTree = "<group>"; };
		3E33C28A21B8C0E1001F9D45 /* Base */ = {isa = PBXFileReference; lastKnownFileType = file.storyboard; name = Base; path = Base.lproj/LaunchScreen.storyboard; sourceTree = "<group>"; };
		3E33C28C21B8C0E1001F9D45 /* Info.plist */ = {isa = PBXFileReference; lastKnownFileType = text.plist.xml; path = Info.plist; sourceTree = "<group>"; };
		3E33C29221B8C68B001F9D45 /* ClassExample.swift */ = {isa = PBXFileReference; lastKnownFileType = sourcecode.swift; path = ClassExample.swift; sourceTree = "<group>"; };
		3E33C29421B8C694001F9D45 /* StructExample.swift */ = {isa = PBXFileReference; lastKnownFileType = sourcecode.swift; path = StructExample.swift; sourceTree = "<group>"; };
		3E33C29621B8C77F001F9D45 /* Main.swift */ = {isa = PBXFileReference; lastKnownFileType = sourcecode.swift; path = Main.swift; sourceTree = "<group>"; };
/* End PBXFileReference section */

/* Begin PBXFrameworksBuildPhase section */
		3E33C27A21B8C0E0001F9D45 /* Frameworks */ = {
			isa = PBXFrameworksBuildPhase;
			buildActionMask = 2147483647;
			files = (
			);
			runOnlyForDeploymentPostprocessing = 0;
		};
/* End PBXFrameworksBuildPhase section */

/* Begin PBXGroup section */
		3E33C27421B8C0E0001F9D45 = {
			isa = PBXGroup;
			children = (
				3E33C27F21B8C0E0001F9D45 /* StructsVSClasses */,
				3E33C27E21B8C0E0001F9D45 /* Products */,
			);
			sourceTree = "<group>";
		};
		3E33C27E21B8C0E0001F9D45 /* Products */ = {
			isa = PBXGroup;
			children = (
				3E33C27D21B8C0E0001F9D45 /* StructsVSClasses.app */,
			);
			name = Products;
			sourceTree = "<group>";
		};
		3E33C27F21B8C0E0001F9D45 /* StructsVSClasses */ = {
			isa = PBXGroup;
			children = (
				3E33C28021B8C0E0001F9D45 /* AppDelegate.swift */,
				3E33C28421B8C0E0001F9D45 /* Main.storyboard */,
				3E33C28721B8C0E1001F9D45 /* Assets.xcassets */,
				3E33C28921B8C0E1001F9D45 /* LaunchScreen.storyboard */,
				3E33C28C21B8C0E1001F9D45 /* Info.plist */,
				3E33C29221B8C68B001F9D45 /* ClassExample.swift */,
				3E33C29621B8C77F001F9D45 /* Main.swift */,
				3E33C29421B8C694001F9D45 /* StructExample.swift */,
			);
			path = StructsVSClasses;
			sourceTree = "<group>";
		};
/* End PBXGroup section */

/* Begin PBXNativeTarget section */
		3E33C27C21B8C0E0001F9D45 /* StructsVSClasses */ = {
			isa = PBXNativeTarget;
			buildConfigurationList = 3E33C28F21B8C0E1001F9D45 /* Build configuration list for PBXNativeTarget "StructsVSClasses" */;
			buildPhases = (
				3E33C27921B8C0E0001F9D45 /* Sources */,
				3E33C27A21B8C0E0001F9D45 /* Frameworks */,
				3E33C27B21B8C0E0001F9D45 /* Resources */,
			);
			buildRules = (
			);
			dependencies = (
			);
			name = StructsVSClasses;
			productName = StructsVSClasses;
			productReference = 3E33C27D21B8C0E0001F9D45 /* StructsVSClasses.app */;
			productType = "com.apple.product-type.application";
		};
/* End PBXNativeTarget section */

/* Begin PBXProject section */
		3E33C27521B8C0E0001F9D45 /* Project object */ = {
			isa = PBXProject;
			attributes = {
				LastSwiftUpdateCheck = 1010;
				LastUpgradeCheck = 1010;
				ORGANIZATIONNAME = "Owen Henley";
				TargetAttributes = {
					3E33C27C21B8C0E0001F9D45 = {
						CreatedOnToolsVersion = 10.1;
					};
				};
			};
			buildConfigurationList = 3E33C27821B8C0E0001F9D45 /* Build configuration list for PBXProject "StructsVSClasses" */;
			compatibilityVersion = "Xcode 9.3";
			developmentRegion = en;
			hasScannedForEncodings = 0;
			knownRegions = (
				en,
				Base,
			);
			mainGroup = 3E33C27421B8C0E0001F9D45;
			productRefGroup = 3E33C27E21B8C0E0001F9D45 /* Products */;
			projectDirPath = "";
			projectRoot = "";
			targets = (
				3E33C27C21B8C0E0001F9D45 /* StructsVSClasses */,
			);
		};
/* End PBXProject section */

/* Begin PBXResourcesBuildPhase section */
		3E33C27B21B8C0E0001F9D45 /* Resources */ = {
			isa = PBXResourcesBuildPhase;
			buildActionMask = 2147483647;
			files = (
				3E33C28B21B8C0E1001F9D45 /* LaunchScreen.storyboard in Resources */,
				3E33C28821B8C0E1001F9D45 /* Assets.xcassets in Resources */,
				3E33C28621B8C0E0001F9D45 /* Main.storyboard in Resources */,
			);
			runOnlyForDeploymentPostprocessing = 0;
		};
/* End PBXResourcesBuildPhase section */

/* Begin PBXSourcesBuildPhase section */
		3E33C27921B8C0E0001F9D45 /* Sources */ = {
			isa = PBXSourcesBuildPhase;
			buildActionMask = 2147483647;
			files = (
				3E33C29321B8C68B001F9D45 /* ClassExample.swift in Sources */,
				3E33C28121B8C0E0001F9D45 /* AppDelegate.swift in Sources */,
				3E33C29721B8C77F001F9D45 /* Main.swift in Sources */,
				3E33C29521B8C694001F9D45 /* StructExample.swift in Sources */,
			);
			runOnlyForDeploymentPostprocessing = 0;
		};
/* End PBXSourcesBuildPhase section */

/* Begin PBXVariantGroup section */
		3E33C28421B8C0E0001F9D45 /* Main.storyboard */ = {
			isa = PBXVariantGroup;
			children = (
				3E33C28521B8C0E0001F9D45 /* Base */,
			);
			name = Main.storyboard;
			sourceTree = "<group>";
		};
		3E33C28921B8C0E1001F9D45 /* LaunchScreen.storyboard */ = {
			isa = PBXVariantGroup;
			children = (
				3E33C28A21B8C0E1001F9D45 /* Base */,
			);
			name = LaunchScreen.storyboard;
			sourceTree = "<group>";
		};
/* End PBXVariantGroup section */

/* Begin XCBuildConfiguration section */
		3E33C28D21B8C0E1001F9D45 /* Debug */ = {
			isa = XCBuildConfiguration;
			buildSettings = {
				ALWAYS_SEARCH_USER_PATHS = NO;
				CLANG_ANALYZER_NONNULL = YES;
				CLANG_ANALYZER_NUMBER_OBJECT_CONVERSION = YES_AGGRESSIVE;
				CLANG_CXX_LANGUAGE_STANDARD = "gnu++14";
				CLANG_CXX_LIBRARY = "libc++";
				CLANG_ENABLE_MODULES = YES;
				CLANG_ENABLE_OBJC_ARC = YES;
				CLANG_ENABLE_OBJC_WEAK = YES;
				CLANG_WARN_BLOCK_CAPTURE_AUTORELEASING = YES;
				CLANG_WARN_BOOL_CONVERSION = YES;
				CLANG_WARN_COMMA = YES;
				CLANG_WARN_CONSTANT_CONVERSION = YES;
				CLANG_WARN_DEPRECATED_OBJC_IMPLEMENTATIONS = YES;
				CLANG_WARN_DIRECT_OBJC_ISA_USAGE = YES_ERROR;
				CLANG_WARN_DOCUMENTATION_COMMENTS = YES;
				CLANG_WARN_EMPTY_BODY = YES;
				CLANG_WARN_ENUM_CONVERSION = YES;
				CLANG_WARN_INFINITE_RECURSION = YES;
				CLANG_WARN_INT_CONVERSION = YES;
				CLANG_WARN_NON_LITERAL_NULL_CONVERSION = YES;
				CLANG_WARN_OBJC_IMPLICIT_RETAIN_SELF = YES;
				CLANG_WARN_OBJC_LITERAL_CONVERSION = YES;
				CLANG_WARN_OBJC_ROOT_CLASS = YES_ERROR;
				CLANG_WARN_RANGE_LOOP_ANALYSIS = YES;
				CLANG_WARN_STRICT_PROTOTYPES = YES;
				CLANG_WARN_SUSPICIOUS_MOVE = YES;
				CLANG_WARN_UNGUARDED_AVAILABILITY = YES_AGGRESSIVE;
				CLANG_WARN_UNREACHABLE_CODE = YES;
				CLANG_WARN__DUPLICATE_METHOD_MATCH = YES;
				CODE_SIGN_IDENTITY = "iPhone Developer";
				COPY_PHASE_STRIP = NO;
				DEBUG_INFORMATION_FORMAT = dwarf;
				ENABLE_STRICT_OBJC_MSGSEND = YES;
				ENABLE_TESTABILITY = YES;
				GCC_C_LANGUAGE_STANDARD = gnu11;
				GCC_DYNAMIC_NO_PIC = NO;
				GCC_NO_COMMON_BLOCKS = YES;
				GCC_OPTIMIZATION_LEVEL = 0;
				GCC_PREPROCESSOR_DEFINITIONS = (
					"DEBUG=1",
					"$(inherited)",
				);
				GCC_WARN_64_TO_32_BIT_CONVERSION = YES;
				GCC_WARN_ABOUT_RETURN_TYPE = YES_ERROR;
				GCC_WARN_UNDECLARED_SELECTOR = YES;
				GCC_WARN_UNINITIALIZED_AUTOS = YES_AGGRESSIVE;
				GCC_WARN_UNUSED_FUNCTION = YES;
				GCC_WARN_UNUSED_VARIABLE = YES;
				IPHONEOS_DEPLOYMENT_TARGET = 12.1;
				MTL_ENABLE_DEBUG_INFO = INCLUDE_SOURCE;
				MTL_FAST_MATH = YES;
				ONLY_ACTIVE_ARCH = YES;
				SDKROOT = iphoneos;
				SWIFT_ACTIVE_COMPILATION_CONDITIONS = DEBUG;
				SWIFT_OPTIMIZATION_LEVEL = "-Onone";
			};
			name = Debug;
		};
		3E33C28E21B8C0E1001F9D45 /* Release */ = {
			isa = XCBuildConfiguration;
			buildSettings = {
				ALWAYS_SEARCH_USER_PATHS = NO;
				CLANG_ANALYZER_NONNULL = YES;
				CLANG_ANALYZER_NUMBER_OBJECT_CONVERSION = YES_AGGRESSIVE;
				CLANG_CXX_LANGUAGE_STANDARD = "gnu++14";
				CLANG_CXX_LIBRARY = "libc++";
				CLANG_ENABLE_MODULES = YES;
				CLANG_ENABLE_OBJC_ARC = YES;
				CLANG_ENABLE_OBJC_WEAK = YES;
				CLANG_WARN_BLOCK_CAPTURE_AUTORELEASING = YES;
				CLANG_WARN_BOOL_CONVERSION = YES;
				CLANG_WARN_COMMA = YES;
				CLANG_WARN_CONSTANT_CONVERSION = YES;
				CLANG_WARN_DEPRECATED_OBJC_IMPLEMENTATIONS = YES;
				CLANG_WARN_DIRECT_OBJC_ISA_USAGE = YES_ERROR;
				CLANG_WARN_DOCUMENTATION_COMMENTS = YES;
				CLANG_WARN_EMPTY_BODY = YES;
				CLANG_WARN_ENUM_CONVERSION = YES;
				CLANG_WARN_INFINITE_RECURSION = YES;
				CLANG_WARN_INT_CONVERSION = YES;
				CLANG_WARN_NON_LITERAL_NULL_CONVERSION = YES;
				CLANG_WARN_OBJC_IMPLICIT_RETAIN_SELF = YES;
				CLANG_WARN_OBJC_LITERAL_CONVERSION = YES;
				CLANG_WARN_OBJC_ROOT_CLASS = YES_ERROR;
				CLANG_WARN_RANGE_LOOP_ANALYSIS = YES;
				CLANG_WARN_STRICT_PROTOTYPES = YES;
				CLANG_WARN_SUSPICIOUS_MOVE = YES;
				CLANG_WARN_UNGUARDED_AVAILABILITY = YES_AGGRESSIVE;
				CLANG_WARN_UNREACHABLE_CODE = YES;
				CLANG_WARN__DUPLICATE_METHOD_MATCH = YES;
				CODE_SIGN_IDENTITY = "iPhone Developer";
				COPY_PHASE_STRIP = NO;
				DEBUG_INFORMATION_FORMAT = "dwarf-with-dsym";
				ENABLE_NS_ASSERTIONS = NO;
				ENABLE_STRICT_OBJC_MSGSEND = YES;
				GCC_C_LANGUAGE_STANDARD = gnu11;
				GCC_NO_COMMON_BLOCKS = YES;
				GCC_WARN_64_TO_32_BIT_CONVERSION = YES;
				GCC_WARN_ABOUT_RETURN_TYPE = YES_ERROR;
				GCC_WARN_UNDECLARED_SELECTOR = YES;
				GCC_WARN_UNINITIALIZED_AUTOS = YES_AGGRESSIVE;
				GCC_WARN_UNUSED_FUNCTION = YES;
				GCC_WARN_UNUSED_VARIABLE = YES;
				IPHONEOS_DEPLOYMENT_TARGET = 12.1;
				MTL_ENABLE_DEBUG_INFO = NO;
				MTL_FAST_MATH = YES;
				SDKROOT = iphoneos;
				SWIFT_COMPILATION_MODE = wholemodule;
				SWIFT_OPTIMIZATION_LEVEL = "-O";
				VALIDATE_PRODUCT = YES;
			};
			name = Release;
		};
		3E33C29021B8C0E1001F9D45 /* Debug */ = {
			isa = XCBuildConfiguration;
			buildSettings = {
				ASSETCATALOG_COMPILER_APPICON_NAME = AppIcon;
				CODE_SIGN_STYLE = Automatic;
				DEVELOPMENT_TEAM = CYZA2EE6W8;
				INFOPLIST_FILE = StructsVSClasses/Info.plist;
				LD_RUNPATH_SEARCH_PATHS = (
					"$(inherited)",
					"@executable_path/Frameworks",
				);
				PRODUCT_BUNDLE_IDENTIFIER = io.owenhenley.StructsVSClasses;
				PRODUCT_NAME = "$(TARGET_NAME)";
				SWIFT_VERSION = 4.2;
				TARGETED_DEVICE_FAMILY = "1,2";
			};
			name = Debug;
		};
		3E33C29121B8C0E1001F9D45 /* Release */ = {
			isa = XCBuildConfiguration;
			buildSettings = {
				ASSETCATALOG_COMPILER_APPICON_NAME = AppIcon;
				CODE_SIGN_STYLE = Automatic;
				DEVELOPMENT_TEAM = CYZA2EE6W8;
				INFOPLIST_FILE = StructsVSClasses/Info.plist;
				LD_RUNPATH_SEARCH_PATHS = (
					"$(inherited)",
					"@executable_path/Frameworks",
				);
				PRODUCT_BUNDLE_IDENTIFIER = io.owenhenley.StructsVSClasses;
				PRODUCT_NAME = "$(TARGET_NAME)";
				SWIFT_VERSION = 4.2;
				TARGETED_DEVICE_FAMILY = "1,2";
			};
			name = Release;
		};
/* End XCBuildConfiguration section */

/* Begin XCConfigurationList section */
		3E33C27821B8C0E0001F9D45 /* Build configuration list for PBXProject "StructsVSClasses" */ = {
			isa = XCConfigurationList;
			buildConfigurations = (
				3E33C28D21B8C0E1001F9D45 /* Debug */,
				3E33C28E21B8C0E1001F9D45 /* Release */,
			);
			defaultConfigurationIsVisible = 0;
			defaultConfigurationName = Release;
		};
		3E33C28F21B8C0E1001F9D45 /* Build configuration list for PBXNativeTarget "StructsVSClasses" */ = {
			isa = XCConfigurationList;
			buildConfigurations = (
				3E33C29021B8C0E1001F9D45 /* Debug */,
				3E33C29121B8C0E1001F9D45 /* Release */,
			);
			defaultConfigurationIsVisible = 0;
			defaultConfigurationName = Release;
		};
/* End XCConfigurationList section */
	};
	rootObject = 3E33C27521B8C0E0001F9D45 /* Project object */;
}
